
Microsoft Visual Studio Solution File, Format Version 12.00
# Visual Studio Version 16
VisualStudioVersion = 16.0.30907.101
MinimumVisualStudioVersion = 10.0.40219.1
Project("{FAE04EC0-301F-11D3-BF4B-00C04F79EFBC}") = "chess-in-c-sharp", "chess-in-c-sharp\chess-in-c-sharp.csproj", "{E3402600-7711-4BB3-AAD2-7E9D1B99348E}"
EndProject
Global
	GlobalSection(SolutionConfigurationPlatforms) = preSolution
		Debug|Any CPU = Debug|Any CPU
		Release|Any CPU = Release|Any CPU
	EndGlobalSection
	GlobalSection(ProjectConfigurationPlatforms) = postSolution
		{E3402600-7711-4BB3-AAD2-7E9D1B99348E}.Debug|Any CPU.ActiveCfg = Debug|Any CPU
		{E3402600-7711-4BB3-AAD2-7E9D1B99348E}.Debug|Any CPU.Build.0 = Debug|Any CPU
		{E3402600-7711-4BB3-AAD2-7E9D1B99348E}.Release|Any CPU.ActiveCfg = Release|Any CPU
		{E3402600-7711-4BB3-AAD2-7E9D1B99348E}.Release|Any CPU.Build.0 = Release|Any CPU
	EndGlobalSection
	GlobalSection(SolutionProperties) = preSolution
		HideSolutionNode = FALSE
	EndGlobalSection
	GlobalSection(ExtensibilityGlobals) = postSolution
		SolutionGuid = {C559214F-2A33-4417-AF0D-F29C24E0689A}
	EndGlobalSection
EndGlobal
